
Microsoft Visual Studio Solution File, Format Version 12.00
# Visual Studio Version 16
VisualStudioVersion = 16.0.30413.136
MinimumVisualStudioVersion = 10.0.40219.1
Project("{FAE04EC0-301F-11D3-BF4B-00C04F79EFBC}") = "PigLatin", "PigLatin\PigLatin.csproj", "{7AE355A1-1728-4BF6-84B3-9ED721F987CF}"
EndProject
Global
	GlobalSection(SolutionConfigurationPlatforms) = preSolution
		Debug|Any CPU = Debug|Any CPU
		Release|Any CPU = Release|Any CPU
	EndGlobalSection
	GlobalSection(ProjectConfigurationPlatforms) = postSolution
		{7AE355A1-1728-4BF6-84B3-9ED721F987CF}.Debug|Any CPU.ActiveCfg = Debug|Any CPU
		{7AE355A1-1728-4BF6-84B3-9ED721F987CF}.Debug|Any CPU.Build.0 = Debug|Any CPU
		{7AE355A1-1728-4BF6-84B3-9ED721F987CF}.Release|Any CPU.ActiveCfg = Release|Any CPU
		{7AE355A1-1728-4BF6-84B3-9ED721F987CF}.Release|Any CPU.Build.0 = Release|Any CPU
	EndGlobalSection
	GlobalSection(SolutionProperties) = preSolution
		HideSolutionNode = FALSE
	EndGlobalSection
	GlobalSection(ExtensibilityGlobals) = postSolution
		SolutionGuid = {0A09761D-5E72-4B2B-A38C-347FF0326730}
	EndGlobalSection
EndGlobal
